{
  "name": "@roadmunk/eslint-config-roadmunk",
  "version": "3.3.0",
  "lockfileVersion": 1,
  "requires": true,
  "dependencies": {
    "@roadmunk/eslint-plugin-roadmunk-custom": {
      "version": "1.2.0",
      "resolved": "https://registry.npmjs.org/@roadmunk/eslint-plugin-roadmunk-custom/-/eslint-plugin-roadmunk-custom-1.2.0.tgz",
      "integrity": "sha512-GlBRW3ZOZ59o+pxFJ/j9fLCmY20HWNwTQTDO9xc4aE3NezKO5yfuSokRkjwMTV19akw1pR0vVHcj2JgBambr3g==",
      "requires": {
        "lodash": "^4.17.10",
        "requireindex": "~1.1.0"
      }
    },
    "lodash": {
      "version": "4.17.10",
      "resolved": "https://registry.npmjs.org/lodash/-/lodash-4.17.10.tgz",
      "integrity": "sha512-UejweD1pDoXu+AD825lWwp4ZGtSwgnpZxb3JDViD7StjQz+Nb/6l093lx4OQ0foGWNRoc19mWy7BzL+UAK2iVg=="
    },
    "requireindex": {
      "version": "1.1.0",
      "resolved": "https://registry.npmjs.org/requireindex/-/requireindex-1.1.0.tgz",
      "integrity": "sha1-5UBLgVV+91225JxacgBIk/4D4WI="
    }
  }
}
